
Microsoft Visual Studio Solution File, Format Version 12.00
# Visual Studio Version 16
VisualStudioVersion = 16.0.30225.117
MinimumVisualStudioVersion = 10.0.40219.1
Project("{FAE04EC0-301F-11D3-BF4B-00C04F79EFBC}") = "Lekcja4", "Lekcja4.csproj", "{23D4211B-F258-4719-9FE3-34339322135E}"
EndProject
Global
	GlobalSection(SolutionConfigurationPlatforms) = preSolution
		Debug|Any CPU = Debug|Any CPU
		Release|Any CPU = Release|Any CPU
	EndGlobalSection
	GlobalSection(ProjectConfigurationPlatforms) = postSolution
		{23D4211B-F258-4719-9FE3-34339322135E}.Debug|Any CPU.ActiveCfg = Debug|Any CPU
		{23D4211B-F258-4719-9FE3-34339322135E}.Debug|Any CPU.Build.0 = Debug|Any CPU
		{23D4211B-F258-4719-9FE3-34339322135E}.Release|Any CPU.ActiveCfg = Release|Any CPU
		{23D4211B-F258-4719-9FE3-34339322135E}.Release|Any CPU.Build.0 = Release|Any CPU
	EndGlobalSection
	GlobalSection(SolutionProperties) = preSolution
		HideSolutionNode = FALSE
	EndGlobalSection
	GlobalSection(ExtensibilityGlobals) = postSolution
		SolutionGuid = {BACBE1F2-F57A-47D7-AD42-90A80C370955}
	EndGlobalSection
EndGlobal
